// !$*UTF8*$!
{
	archiveVersion = 1;
	classes = {
	};
	objectVersion = 46;
	objects = {

/* Begin PBXBuildFile section */
		275B4ED41EE3C41400B009A1 /* AppDelegate.swift in Sources */ = {isa = PBXBuildFile; fileRef = 275B4ED31EE3C41400B009A1 /* AppDelegate.swift */; };
		275B4ED61EE3C41400B009A1 /* ViewController.swift in Sources */ = {isa = PBXBuildFile; fileRef = 275B4ED51EE3C41400B009A1 /* ViewController.swift */; };
		275B4ED91EE3C41400B009A1 /* Main.storyboard in Resources */ = {isa = PBXBuildFile; fileRef = 275B4ED71EE3C41400B009A1 /* Main.storyboard */; };
		275B4EDB1EE3C41400B009A1 /* Assets.xcassets in Resources */ = {isa = PBXBuildFile; fileRef = 275B4EDA1EE3C41400B009A1 /* Assets.xcassets */; };
		275B4EDE1EE3C41400B009A1 /* LaunchScreen.storyboard in Resources */ = {isa = PBXBuildFile; fileRef = 275B4EDC1EE3C41400B009A1 /* LaunchScreen.storyboard */; };
/* End PBXBuildFile section */

/* Begin PBXFileReference section */
		275B4ED01EE3C41400B009A1 /* testPod.app */ = {isa = PBXFileReference; explicitFileType = wrapper.application; includeInIndex = 0; path = testPod.app; sourceTree = BUILT_PRODUCTS_DIR; };
		275B4ED31EE3C41400B009A1 /* AppDelegate.swift */ = {isa = PBXFileReference; lastKnownFileType = sourcecode.swift; path = AppDelegate.swift; sourceTree = "<group>"; };
		275B4ED51EE3C41400B009A1 /* ViewController.swift */ = {isa = PBXFileReference; lastKnownFileType = sourcecode.swift; path = ViewController.swift; sourceTree = "<group>"; };
		275B4ED81EE3C41400B009A1 /* Base */ = {isa = PBXFileReference; lastKnownFileType = file.storyboard; name = Base; path = Base.lproj/Main.storyboard; sourceTree = "<group>"; };
		275B4EDA1EE3C41400B009A1 /* Assets.xcassets */ = {isa = PBXFileReference; lastKnownFileType = folder.assetcatalog; path = Assets.xcassets; sourceTree = "<group>"; };
		275B4EDD1EE3C41400B009A1 /* Base */ = {isa = PBXFileReference; lastKnownFileType = file.storyboard; name = Base; path = Base.lproj/LaunchScreen.storyboard; sourceTree = "<group>"; };
		275B4EDF1EE3C41400B009A1 /* Info.plist */ = {isa = PBXFileReference; lastKnownFileType = text.plist.xml; path = Info.plist; sourceTree = "<group>"; };
/* End PBXFileReference section */

/* Begin PBXFrameworksBuildPhase section */
		275B4ECD1EE3C41400B009A1 /* Frameworks */ = {
			isa = PBXFrameworksBuildPhase;
			buildActionMask = 2147483647;
			files = (
			);
			runOnlyForDeploymentPostprocessing = 0;
		};
/* End PBXFrameworksBuildPhase section */

/* Begin PBXGroup section */
		275B4EC71EE3C41300B009A1 = {
			isa = PBXGroup;
			children = (
				275B4ED21EE3C41400B009A1 /* testPod */,
				275B4ED11EE3C41400B009A1 /* Products */,
			);
			sourceTree = "<group>";
		};
		275B4ED11EE3C41400B009A1 /* Products */ = {
			isa = PBXGroup;
			children = (
				275B4ED01EE3C41400B009A1 /* testPod.app */,
			);
			name = Products;
			sourceTree = "<group>";
		};
		275B4ED21EE3C41400B009A1 /* testPod */ = {
			isa = PBXGroup;
			children = (
				275B4ED31EE3C41400B009A1 /* AppDelegate.swift */,
				275B4ED51EE3C41400B009A1 /* ViewController.swift */,
				275B4ED71EE3C41400B009A1 /* Main.storyboard */,
				275B4EDA1EE3C41400B009A1 /* Assets.xcassets */,
				275B4EDC1EE3C41400B009A1 /* LaunchScreen.storyboard */,
				275B4EDF1EE3C41400B009A1 /* Info.plist */,
			);
			path = testPod;
			sourceTree = "<group>";
		};
/* End PBXGroup section */

/* Begin PBXNativeTarget section */
		275B4ECF1EE3C41400B009A1 /* testPod */ = {
			isa = PBXNativeTarget;
			buildConfigurationList = 275B4EE21EE3C41400B009A1 /* Build configuration list for PBXNativeTarget "testPod" */;
			buildPhases = (
				275B4ECC1EE3C41400B009A1 /* Sources */,
				275B4ECD1EE3C41400B009A1 /* Frameworks */,
				275B4ECE1EE3C41400B009A1 /* Resources */,
			);
			buildRules = (
			);
			dependencies = (
			);
			name = testPod;
			productName = testPod;
			productReference = 275B4ED01EE3C41400B009A1 /* testPod.app */;
			productType = "com.apple.product-type.application";
		};
/* End PBXNativeTarget section */

/* Begin PBXProject section */
		275B4EC81EE3C41300B009A1 /* Project object */ = {
			isa = PBXProject;
			attributes = {
				LastSwiftUpdateCheck = 0830;
				LastUpgradeCheck = 0830;
				ORGANIZATIONNAME = wuxiaokui;
				TargetAttributes = {
					275B4ECF1EE3C41400B009A1 = {
						CreatedOnToolsVersion = 8.3.2;
						ProvisioningStyle = Automatic;
					};
				};
			};
			buildConfigurationList = 275B4ECB1EE3C41300B009A1 /* Build configuration list for PBXProject "testPod" */;
			compatibilityVersion = "Xcode 3.2";
			developmentRegion = English;
			hasScannedForEncodings = 0;
			knownRegions = (
				en,
				Base,
			);
			mainGroup = 275B4EC71EE3C41300B009A1;
			productRefGroup = 275B4ED11EE3C41400B009A1 /* Products */;
			projectDirPath = "";
			projectRoot = "";
			targets = (
				275B4ECF1EE3C41400B009A1 /* testPod */,
			);
		};
/* End PBXProject section */

/* Begin PBXResourcesBuildPhase section */
		275B4ECE1EE3C41400B009A1 /* Resources */ = {
			isa = PBXResourcesBuildPhase;
			buildActionMask = 2147483647;
			files = (
				275B4EDE1EE3C41400B009A1 /* LaunchScreen.storyboard in Resources */,
				275B4EDB1EE3C41400B009A1 /* Assets.xcassets in Resources */,
				275B4ED91EE3C41400B009A1 /* Main.storyboard in Resources */,
			);
			runOnlyForDeploymentPostprocessing = 0;
		};
/* End PBXResourcesBuildPhase section */

/* Begin PBXSourcesBuildPhase section */
		275B4ECC1EE3C41400B009A1 /* Sources */ = {
			isa = PBXSourcesBuildPhase;
			buildActionMask = 2147483647;
			files = (
				275B4ED61EE3C41400B009A1 /* ViewController.swift in Sources */,
				275B4ED41EE3C41400B009A1 /* AppDelegate.swift in Sources */,
			);
			runOnlyForDeploymentPostprocessing = 0;
		};
/* End PBXSourcesBuildPhase section */

/* Begin PBXVariantGroup section */
		275B4ED71EE3C41400B009A1 /* Main.storyboard */ = {
			isa = PBXVariantGroup;
			children = (
				275B4ED81EE3C41400B009A1 /* Base */,
			);
			name = Main.storyboard;
			sourceTree = "<group>";
		};
		275B4EDC1EE3C41400B009A1 /* LaunchScreen.storyboard */ = {
			isa = PBXVariantGroup;
			children = (
				275B4EDD1EE3C41400B009A1 /* Base */,
			);
			name = LaunchScreen.storyboard;
			sourceTree = "<group>";
		};
/* End PBXVariantGroup section */

/* Begin XCBuildConfiguration section */
		275B4EE01EE3C41400B009A1 /* Debug */ = {
			isa = XCBuildConfiguration;
			buildSettings = {
				ALWAYS_SEARCH_USER_PATHS = NO;
				CLANG_ANALYZER_NONNULL = YES;
				CLANG_ANALYZER_NUMBER_OBJECT_CONVERSION = YES_AGGRESSIVE;
				CLANG_CXX_LANGUAGE_STANDARD = "gnu++0x";
				CLANG_CXX_LIBRARY = "libc++";
				CLANG_ENABLE_MODULES = YES;
				CLANG_ENABLE_OBJC_ARC = YES;
				CLANG_WARN_BOOL_CONVERSION = YES;
				CLANG_WARN_CONSTANT_CONVERSION = YES;
				CLANG_WARN_DIRECT_OBJC_ISA_USAGE = YES_ERROR;
				CLANG_WARN_DOCUMENTATION_COMMENTS = YES;
				CLANG_WARN_EMPTY_BODY = YES;
				CLANG_WARN_ENUM_CONVERSION = YES;
				CLANG_WARN_INFINITE_RECURSION = YES;
				CLANG_WARN_INT_CONVERSION = YES;
				CLANG_WARN_OBJC_ROOT_CLASS = YES_ERROR;
				CLANG_WARN_SUSPICIOUS_MOVE = YES;
				CLANG_WARN_UNREACHABLE_CODE = YES;
				CLANG_WARN__DUPLICATE_METHOD_MATCH = YES;
				"CODE_SIGN_IDENTITY[sdk=iphoneos*]" = "iPhone Developer";
				COPY_PHASE_STRIP = NO;
				DEBUG_INFORMATION_FORMAT = dwarf;
				ENABLE_STRICT_OBJC_MSGSEND = YES;
				ENABLE_TESTABILITY = YES;
				GCC_C_LANGUAGE_STANDARD = gnu99;
				GCC_DYNAMIC_NO_PIC = NO;
				GCC_NO_COMMON_BLOCKS = YES;
				GCC_OPTIMIZATION_LEVEL = 0;
				GCC_PREPROCESSOR_DEFINITIONS = (
					"DEBUG=1",
					"$(inherited)",
				);
				GCC_WARN_64_TO_32_BIT_CONVERSION = YES;
				GCC_WARN_ABOUT_RETURN_TYPE = YES_ERROR;
				GCC_WARN_UNDECLARED_SELECTOR = YES;
				GCC_WARN_UNINITIALIZED_AUTOS = YES_AGGRESSIVE;
				GCC_WARN_UNUSED_FUNCTION = YES;
				GCC_WARN_UNUSED_VARIABLE = YES;
				IPHONEOS_DEPLOYMENT_TARGET = 10.3;
				MTL_ENABLE_DEBUG_INFO = YES;
				ONLY_ACTIVE_ARCH = YES;
				SDKROOT = iphoneos;
				SWIFT_ACTIVE_COMPILATION_CONDITIONS = DEBUG;
				SWIFT_OPTIMIZATION_LEVEL = "-Onone";
			};
			name = Debug;
		};
		275B4EE11EE3C41400B009A1 /* Release */ = {
			isa = XCBuildConfiguration;
			buildSettings = {
				ALWAYS_SEARCH_USER_PATHS = NO;
				CLANG_ANALYZER_NONNULL = YES;
				CLANG_ANALYZER_NUMBER_OBJECT_CONVERSION = YES_AGGRESSIVE;
				CLANG_CXX_LANGUAGE_STANDARD = "gnu++0x";
				CLANG_CXX_LIBRARY = "libc++";
				CLANG_ENABLE_MODULES = YES;
				CLANG_ENABLE_OBJC_ARC = YES;
				CLANG_WARN_BOOL_CONVERSION = YES;
				CLANG_WARN_CONSTANT_CONVERSION = YES;
				CLANG_WARN_DIRECT_OBJC_ISA_USAGE = YES_ERROR;
				CLANG_WARN_DOCUMENTATION_COMMENTS = YES;
				CLANG_WARN_EMPTY_BODY = YES;
				CLANG_WARN_ENUM_CONVERSION = YES;
				CLANG_WARN_INFINITE_RECURSION = YES;
				CLANG_WARN_INT_CONVERSION = YES;
				CLANG_WARN_OBJC_ROOT_CLASS = YES_ERROR;
				CLANG_WARN_SUSPICIOUS_MOVE = YES;
				CLANG_WARN_UNREACHABLE_CODE = YES;
				CLANG_WARN__DUPLICATE_METHOD_MATCH = YES;
				"CODE_SIGN_IDENTITY[sdk=iphoneos*]" = "iPhone Developer";
				COPY_PHASE_STRIP = NO;
				DEBUG_INFORMATION_FORMAT = "dwarf-with-dsym";
				ENABLE_NS_ASSERTIONS = NO;
				ENABLE_STRICT_OBJC_MSGSEND = YES;
				GCC_C_LANGUAGE_STANDARD = gnu99;
				GCC_NO_COMMON_BLOCKS = YES;
				GCC_WARN_64_TO_32_BIT_CONVERSION = YES;
				GCC_WARN_ABOUT_RETURN_TYPE = YES_ERROR;
				GCC_WARN_UNDECLARED_SELECTOR = YES;
				GCC_WARN_UNINITIALIZED_AUTOS = YES_AGGRESSIVE;
				GCC_WARN_UNUSED_FUNCTION = YES;
				GCC_WARN_UNUSED_VARIABLE = YES;
				IPHONEOS_DEPLOYMENT_TARGET = 10.3;
				MTL_ENABLE_DEBUG_INFO = NO;
				SDKROOT = iphoneos;
				SWIFT_OPTIMIZATION_LEVEL = "-Owholemodule";
				VALIDATE_PRODUCT = YES;
			};
			name = Release;
		};
		275B4EE31EE3C41400B009A1 /* Debug */ = {
			isa = XCBuildConfiguration;
			buildSettings = {
				ASSETCATALOG_COMPILER_APPICON_NAME = AppIcon;
				INFOPLIST_FILE = testPod/Info.plist;
				LD_RUNPATH_SEARCH_PATHS = "$(inherited) @executable_path/Frameworks";
				PRODUCT_BUNDLE_IDENTIFIER = com.wxk.testPod;
				PRODUCT_NAME = "$(TARGET_NAME)";
				SWIFT_VERSION = 3.0;
			};
			name = Debug;
		};
		275B4EE41EE3C41400B009A1 /* Release */ = {
			isa = XCBuildConfiguration;
			buildSettings = {
				ASSETCATALOG_COMPILER_APPICON_NAME = AppIcon;
				INFOPLIST_FILE = testPod/Info.plist;
				LD_RUNPATH_SEARCH_PATHS = "$(inherited) @executable_path/Frameworks";
				PRODUCT_BUNDLE_IDENTIFIER = com.wxk.testPod;
				PRODUCT_NAME = "$(TARGET_NAME)";
				SWIFT_VERSION = 3.0;
			};
			name = Release;
		};
/* End XCBuildConfiguration section */

/* Begin XCConfigurationList section */
		275B4ECB1EE3C41300B009A1 /* Build configuration list for PBXProject "testPod" */ = {
			isa = XCConfigurationList;
			buildConfigurations = (
				275B4EE01EE3C41400B009A1 /* Debug */,
				275B4EE11EE3C41400B009A1 /* Release */,
			);
			defaultConfigurationIsVisible = 0;
			defaultConfigurationName = Release;
		};
		275B4EE21EE3C41400B009A1 /* Build configuration list for PBXNativeTarget "testPod" */ = {
			isa = XCConfigurationList;
			buildConfigurations = (
				275B4EE31EE3C41400B009A1 /* Debug */,
				275B4EE41EE3C41400B009A1 /* Release */,
			);
			defaultConfigurationIsVisible = 0;
		};
/* End XCConfigurationList section */
	};
	rootObject = 275B4EC81EE3C41300B009A1 /* Project object */;
}
